// !$*UTF8*$!
{
	archiveVersion = 1;
	classes = {
	};
	objectVersion = 48;
	objects = {

/* Begin PBXBuildFile section */
		2E0CE98E217B65FD00CA8AD8 /* AppDelegate.swift in Sources */ = {isa = PBXBuildFile; fileRef = 2E0CE98D217B65FD00CA8AD8 /* AppDelegate.swift */; };
		2E0CE990217B65FD00CA8AD8 /* ViewController.swift in Sources */ = {isa = PBXBuildFile; fileRef = 2E0CE98F217B65FD00CA8AD8 /* ViewController.swift */; };
		2E0CE993217B65FD00CA8AD8 /* Main.storyboard in Resources */ = {isa = PBXBuildFile; fileRef = 2E0CE991217B65FD00CA8AD8 /* Main.storyboard */; };
		2E0CE995217B65FD00CA8AD8 /* Assets.xcassets in Resources */ = {isa = PBXBuildFile; fileRef = 2E0CE994217B65FD00CA8AD8 /* Assets.xcassets */; };
		2E0CE998217B65FD00CA8AD8 /* LaunchScreen.storyboard in Resources */ = {isa = PBXBuildFile; fileRef = 2E0CE996217B65FD00CA8AD8 /* LaunchScreen.storyboard */; };
/* End PBXBuildFile section */

/* Begin PBXFileReference section */
		2E0CE98A217B65FD00CA8AD8 /* SoleekLabApplication.app */ = {isa = PBXFileReference; explicitFileType = wrapper.application; includeInIndex = 0; path = SoleekLabApplication.app; sourceTree = BUILT_PRODUCTS_DIR; };
		2E0CE98D217B65FD00CA8AD8 /* AppDelegate.swift */ = {isa = PBXFileReference; lastKnownFileType = sourcecode.swift; path = AppDelegate.swift; sourceTree = "<group>"; };
		2E0CE98F217B65FD00CA8AD8 /* ViewController.swift */ = {isa = PBXFileReference; lastKnownFileType = sourcecode.swift; path = ViewController.swift; sourceTree = "<group>"; };
		2E0CE992217B65FD00CA8AD8 /* Base */ = {isa = PBXFileReference; lastKnownFileType = file.storyboard; name = Base; path = Base.lproj/Main.storyboard; sourceTree = "<group>"; };
		2E0CE994217B65FD00CA8AD8 /* Assets.xcassets */ = {isa = PBXFileReference; lastKnownFileType = folder.assetcatalog; path = Assets.xcassets; sourceTree = "<group>"; };
		2E0CE997217B65FD00CA8AD8 /* Base */ = {isa = PBXFileReference; lastKnownFileType = file.storyboard; name = Base; path = Base.lproj/LaunchScreen.storyboard; sourceTree = "<group>"; };
		2E0CE999217B65FD00CA8AD8 /* Info.plist */ = {isa = PBXFileReference; lastKnownFileType = text.plist.xml; path = Info.plist; sourceTree = "<group>"; };
/* End PBXFileReference section */

/* Begin PBXFrameworksBuildPhase section */
		2E0CE987217B65FD00CA8AD8 /* Frameworks */ = {
			isa = PBXFrameworksBuildPhase;
			buildActionMask = 2147483647;
			files = (
			);
			runOnlyForDeploymentPostprocessing = 0;
		};
/* End PBXFrameworksBuildPhase section */

/* Begin PBXGroup section */
		2E0CE981217B65FD00CA8AD8 = {
			isa = PBXGroup;
			children = (
				2E0CE98C217B65FD00CA8AD8 /* SoleekLabApplication */,
				2E0CE98B217B65FD00CA8AD8 /* Products */,
			);
			sourceTree = "<group>";
		};
		2E0CE98B217B65FD00CA8AD8 /* Products */ = {
			isa = PBXGroup;
			children = (
				2E0CE98A217B65FD00CA8AD8 /* SoleekLabApplication.app */,
			);
			name = Products;
			sourceTree = "<group>";
		};
		2E0CE98C217B65FD00CA8AD8 /* SoleekLabApplication */ = {
			isa = PBXGroup;
			children = (
				2E0CE98D217B65FD00CA8AD8 /* AppDelegate.swift */,
				2E0CE98F217B65FD00CA8AD8 /* ViewController.swift */,
				2E0CE991217B65FD00CA8AD8 /* Main.storyboard */,
				2E0CE994217B65FD00CA8AD8 /* Assets.xcassets */,
				2E0CE996217B65FD00CA8AD8 /* LaunchScreen.storyboard */,
				2E0CE999217B65FD00CA8AD8 /* Info.plist */,
			);
			path = SoleekLabApplication;
			sourceTree = "<group>";
		};
/* End PBXGroup section */

/* Begin PBXNativeTarget section */
		2E0CE989217B65FD00CA8AD8 /* SoleekLabApplication */ = {
			isa = PBXNativeTarget;
			buildConfigurationList = 2E0CE99C217B65FE00CA8AD8 /* Build configuration list for PBXNativeTarget "SoleekLabApplication" */;
			buildPhases = (
				2E0CE986217B65FD00CA8AD8 /* Sources */,
				2E0CE987217B65FD00CA8AD8 /* Frameworks */,
				2E0CE988217B65FD00CA8AD8 /* Resources */,
			);
			buildRules = (
			);
			dependencies = (
			);
			name = SoleekLabApplication;
			productName = SoleekLabApplication;
			productReference = 2E0CE98A217B65FD00CA8AD8 /* SoleekLabApplication.app */;
			productType = "com.apple.product-type.application";
		};
/* End PBXNativeTarget section */

/* Begin PBXProject section */
		2E0CE982217B65FD00CA8AD8 /* Project object */ = {
			isa = PBXProject;
			attributes = {
				LastSwiftUpdateCheck = 0920;
				LastUpgradeCheck = 0920;
				ORGANIZATIONNAME = Abanoub;
				TargetAttributes = {
					2E0CE989217B65FD00CA8AD8 = {
						CreatedOnToolsVersion = 9.2;
						ProvisioningStyle = Automatic;
					};
				};
			};
			buildConfigurationList = 2E0CE985217B65FD00CA8AD8 /* Build configuration list for PBXProject "SoleekLabApplication" */;
			compatibilityVersion = "Xcode 8.0";
			developmentRegion = en;
			hasScannedForEncodings = 0;
			knownRegions = (
				en,
				Base,
			);
			mainGroup = 2E0CE981217B65FD00CA8AD8;
			productRefGroup = 2E0CE98B217B65FD00CA8AD8 /* Products */;
			projectDirPath = "";
			projectRoot = "";
			targets = (
				2E0CE989217B65FD00CA8AD8 /* SoleekLabApplication */,
			);
		};
/* End PBXProject section */

/* Begin PBXResourcesBuildPhase section */
		2E0CE988217B65FD00CA8AD8 /* Resources */ = {
			isa = PBXResourcesBuildPhase;
			buildActionMask = 2147483647;
			files = (
				2E0CE998217B65FD00CA8AD8 /* LaunchScreen.storyboard in Resources */,
				2E0CE995217B65FD00CA8AD8 /* Assets.xcassets in Resources */,
				2E0CE993217B65FD00CA8AD8 /* Main.storyboard in Resources */,
			);
			runOnlyForDeploymentPostprocessing = 0;
		};
/* End PBXResourcesBuildPhase section */

/* Begin PBXSourcesBuildPhase section */
		2E0CE986217B65FD00CA8AD8 /* Sources */ = {
			isa = PBXSourcesBuildPhase;
			buildActionMask = 2147483647;
			files = (
				2E0CE990217B65FD00CA8AD8 /* ViewController.swift in Sources */,
				2E0CE98E217B65FD00CA8AD8 /* AppDelegate.swift in Sources */,
			);
			runOnlyForDeploymentPostprocessing = 0;
		};
/* End PBXSourcesBuildPhase section */

/* Begin PBXVariantGroup section */
		2E0CE991217B65FD00CA8AD8 /* Main.storyboard */ = {
			isa = PBXVariantGroup;
			children = (
				2E0CE992217B65FD00CA8AD8 /* Base */,
			);
			name = Main.storyboard;
			sourceTree = "<group>";
		};
		2E0CE996217B65FD00CA8AD8 /* LaunchScreen.storyboard */ = {
			isa = PBXVariantGroup;
			children = (
				2E0CE997217B65FD00CA8AD8 /* Base */,
			);
			name = LaunchScreen.storyboard;
			sourceTree = "<group>";
		};
/* End PBXVariantGroup section */

/* Begin XCBuildConfiguration section */
		2E0CE99A217B65FD00CA8AD8 /* Debug */ = {
			isa = XCBuildConfiguration;
			buildSettings = {
				ALWAYS_SEARCH_USER_PATHS = NO;
				CLANG_ANALYZER_NONNULL = YES;
				CLANG_ANALYZER_NUMBER_OBJECT_CONVERSION = YES_AGGRESSIVE;
				CLANG_CXX_LANGUAGE_STANDARD = "gnu++14";
				CLANG_CXX_LIBRARY = "libc++";
				CLANG_ENABLE_MODULES = YES;
				CLANG_ENABLE_OBJC_ARC = YES;
				CLANG_WARN_BLOCK_CAPTURE_AUTORELEASING = YES;
				CLANG_WARN_BOOL_CONVERSION = YES;
				CLANG_WARN_COMMA = YES;
				CLANG_WARN_CONSTANT_CONVERSION = YES;
				CLANG_WARN_DIRECT_OBJC_ISA_USAGE = YES_ERROR;
				CLANG_WARN_DOCUMENTATION_COMMENTS = YES;
				CLANG_WARN_EMPTY_BODY = YES;
				CLANG_WARN_ENUM_CONVERSION = YES;
				CLANG_WARN_INFINITE_RECURSION = YES;
				CLANG_WARN_INT_CONVERSION = YES;
				CLANG_WARN_NON_LITERAL_NULL_CONVERSION = YES;
				CLANG_WARN_OBJC_LITERAL_CONVERSION = YES;
				CLANG_WARN_OBJC_ROOT_CLASS = YES_ERROR;
				CLANG_WARN_RANGE_LOOP_ANALYSIS = YES;
				CLANG_WARN_STRICT_PROTOTYPES = YES;
				CLANG_WARN_SUSPICIOUS_MOVE = YES;
				CLANG_WARN_UNGUARDED_AVAILABILITY = YES_AGGRESSIVE;
				CLANG_WARN_UNREACHABLE_CODE = YES;
				CLANG_WARN__DUPLICATE_METHOD_MATCH = YES;
				CODE_SIGN_IDENTITY = "iPhone Developer";
				COPY_PHASE_STRIP = NO;
				DEBUG_INFORMATION_FORMAT = dwarf;
				ENABLE_STRICT_OBJC_MSGSEND = YES;
				ENABLE_TESTABILITY = YES;
				GCC_C_LANGUAGE_STANDARD = gnu11;
				GCC_DYNAMIC_NO_PIC = NO;
				GCC_NO_COMMON_BLOCKS = YES;
				GCC_OPTIMIZATION_LEVEL = 0;
				GCC_PREPROCESSOR_DEFINITIONS = (
					"DEBUG=1",
					"$(inherited)",
				);
				GCC_WARN_64_TO_32_BIT_CONVERSION = YES;
				GCC_WARN_ABOUT_RETURN_TYPE = YES_ERROR;
				GCC_WARN_UNDECLARED_SELECTOR = YES;
				GCC_WARN_UNINITIALIZED_AUTOS = YES_AGGRESSIVE;
				GCC_WARN_UNUSED_FUNCTION = YES;
				GCC_WARN_UNUSED_VARIABLE = YES;
				IPHONEOS_DEPLOYMENT_TARGET = 11.2;
				MTL_ENABLE_DEBUG_INFO = YES;
				ONLY_ACTIVE_ARCH = YES;
				SDKROOT = iphoneos;
				SWIFT_ACTIVE_COMPILATION_CONDITIONS = DEBUG;
				SWIFT_OPTIMIZATION_LEVEL = "-Onone";
			};
			name = Debug;
		};
		2E0CE99B217B65FD00CA8AD8 /* Release */ = {
			isa = XCBuildConfiguration;
			buildSettings = {
				ALWAYS_SEARCH_USER_PATHS = NO;
				CLANG_ANALYZER_NONNULL = YES;
				CLANG_ANALYZER_NUMBER_OBJECT_CONVERSION = YES_AGGRESSIVE;
				CLANG_CXX_LANGUAGE_STANDARD = "gnu++14";
				CLANG_CXX_LIBRARY = "libc++";
				CLANG_ENABLE_MODULES = YES;
				CLANG_ENABLE_OBJC_ARC = YES;
				CLANG_WARN_BLOCK_CAPTURE_AUTORELEASING = YES;
				CLANG_WARN_BOOL_CONVERSION = YES;
				CLANG_WARN_COMMA = YES;
				CLANG_WARN_CONSTANT_CONVERSION = YES;
				CLANG_WARN_DIRECT_OBJC_ISA_USAGE = YES_ERROR;
				CLANG_WARN_DOCUMENTATION_COMMENTS = YES;
				CLANG_WARN_EMPTY_BODY = YES;
				CLANG_WARN_ENUM_CONVERSION = YES;
				CLANG_WARN_INFINITE_RECURSION = YES;
				CLANG_WARN_INT_CONVERSION = YES;
				CLANG_WARN_NON_LITERAL_NULL_CONVERSION = YES;
				CLANG_WARN_OBJC_LITERAL_CONVERSION = YES;
				CLANG_WARN_OBJC_ROOT_CLASS = YES_ERROR;
				CLANG_WARN_RANGE_LOOP_ANALYSIS = YES;
				CLANG_WARN_STRICT_PROTOTYPES = YES;
				CLANG_WARN_SUSPICIOUS_MOVE = YES;
				CLANG_WARN_UNGUARDED_AVAILABILITY = YES_AGGRESSIVE;
				CLANG_WARN_UNREACHABLE_CODE = YES;
				CLANG_WARN__DUPLICATE_METHOD_MATCH = YES;
				CODE_SIGN_IDENTITY = "iPhone Developer";
				COPY_PHASE_STRIP = NO;
				DEBUG_INFORMATION_FORMAT = "dwarf-with-dsym";
				ENABLE_NS_ASSERTIONS = NO;
				ENABLE_STRICT_OBJC_MSGSEND = YES;
				GCC_C_LANGUAGE_STANDARD = gnu11;
				GCC_NO_COMMON_BLOCKS = YES;
				GCC_WARN_64_TO_32_BIT_CONVERSION = YES;
				GCC_WARN_ABOUT_RETURN_TYPE = YES_ERROR;
				GCC_WARN_UNDECLARED_SELECTOR = YES;
				GCC_WARN_UNINITIALIZED_AUTOS = YES_AGGRESSIVE;
				GCC_WARN_UNUSED_FUNCTION = YES;
				GCC_WARN_UNUSED_VARIABLE = YES;
				IPHONEOS_DEPLOYMENT_TARGET = 11.2;
				MTL_ENABLE_DEBUG_INFO = NO;
				SDKROOT = iphoneos;
				SWIFT_OPTIMIZATION_LEVEL = "-Owholemodule";
				VALIDATE_PRODUCT = YES;
			};
			name = Release;
		};
		2E0CE99D217B65FE00CA8AD8 /* Debug */ = {
			isa = XCBuildConfiguration;
			buildSettings = {
				ASSETCATALOG_COMPILER_APPICON_NAME = AppIcon;
				CODE_SIGN_STYLE = Automatic;
				DEVELOPMENT_TEAM = DQKP2B77X9;
				INFOPLIST_FILE = SoleekLabApplication/Info.plist;
				LD_RUNPATH_SEARCH_PATHS = "$(inherited) @executable_path/Frameworks";
				PRODUCT_BUNDLE_IDENTIFIER = abanoub.SoleekLabApplication;
				PRODUCT_NAME = "$(TARGET_NAME)";
				SWIFT_VERSION = 4.0;
				TARGETED_DEVICE_FAMILY = "1,2";
			};
			name = Debug;
		};
		2E0CE99E217B65FE00CA8AD8 /* Release */ = {
			isa = XCBuildConfiguration;
			buildSettings = {
				ASSETCATALOG_COMPILER_APPICON_NAME = AppIcon;
				CODE_SIGN_STYLE = Automatic;
				DEVELOPMENT_TEAM = DQKP2B77X9;
				INFOPLIST_FILE = SoleekLabApplication/Info.plist;
				LD_RUNPATH_SEARCH_PATHS = "$(inherited) @executable_path/Frameworks";
				PRODUCT_BUNDLE_IDENTIFIER = abanoub.SoleekLabApplication;
				PRODUCT_NAME = "$(TARGET_NAME)";
				SWIFT_VERSION = 4.0;
				TARGETED_DEVICE_FAMILY = "1,2";
			};
			name = Release;
		};
/* End XCBuildConfiguration section */

/* Begin XCConfigurationList section */
		2E0CE985217B65FD00CA8AD8 /* Build configuration list for PBXProject "SoleekLabApplication" */ = {
			isa = XCConfigurationList;
			buildConfigurations = (
				2E0CE99A217B65FD00CA8AD8 /* Debug */,
				2E0CE99B217B65FD00CA8AD8 /* Release */,
			);
			defaultConfigurationIsVisible = 0;
			defaultConfigurationName = Release;
		};
		2E0CE99C217B65FE00CA8AD8 /* Build configuration list for PBXNativeTarget "SoleekLabApplication" */ = {
			isa = XCConfigurationList;
			buildConfigurations = (
				2E0CE99D217B65FE00CA8AD8 /* Debug */,
				2E0CE99E217B65FE00CA8AD8 /* Release */,
			);
			defaultConfigurationIsVisible = 0;
			defaultConfigurationName = Release;
		};
/* End XCConfigurationList section */
	};
	rootObject = 2E0CE982217B65FD00CA8AD8 /* Project object */;
}
